{
  "name": "blazor.excel.addin",
  "version": "1.0.0",
  "lockfileVersion": 3,
  "requires": true,
  "packages": {
    "": {
      "name": "blazor.excel.addin",
      "version": "1.0.0",
      "license": "MIT",
      "devDependencies": {
        "@types/office-js-preview": "^1.0.673"
      }
    },
    "node_modules/@types/office-js-preview": {
      "version": "1.0.673",
      "resolved": "https://registry.npmjs.org/@types/office-js-preview/-/office-js-preview-1.0.673.tgz",
      "integrity": "sha512-YnatiYqaeX9rp6hV5mpRuZUrkVotGxNyDAAUJX/TFynWiMCf3GsRCpvy+7bGtcy2dhSrOjkRFMm3dsazjurRyg==",
      "dev": true,
      "license": "MIT"
    }
  }
}
