
Microsoft Visual Studio Solution File, Format Version 12.00
# Visual Studio 14
VisualStudioVersion = 14.0.25420.1
MinimumVisualStudioVersion = 10.0.40219.1
Project("{FAE04EC0-301F-11D3-BF4B-00C04F79EFBC}") = "PowerPoint.MVCAddInTemplate", "PowerPoint.MVCAddInTemplate\PowerPoint.MVCAddInTemplate.csproj", "{2B5A3E62-51D5-4990-9FC1-06889D28AF79}"
EndProject
Project("{FAE04EC0-301F-11D3-BF4B-00C04F79EFBC}") = "PowerPoint.MVCAddInTemplateWeb", "PowerPoint.MVCAddInTemplateWeb\PowerPoint.MVCAddInTemplateWeb.csproj", "{69592D83-9209-46C5-8E31-0BC83DEF7102}"
EndProject
Global
	GlobalSection(SolutionConfigurationPlatforms) = preSolution
		Debug|Any CPU = Debug|Any CPU
		Release|Any CPU = Release|Any CPU
	EndGlobalSection
	GlobalSection(ProjectConfigurationPlatforms) = postSolution
		{2B5A3E62-51D5-4990-9FC1-06889D28AF79}.Debug|Any CPU.ActiveCfg = Debug|Any CPU
		{2B5A3E62-51D5-4990-9FC1-06889D28AF79}.Debug|Any CPU.Build.0 = Debug|Any CPU
		{2B5A3E62-51D5-4990-9FC1-06889D28AF79}.Debug|Any CPU.Deploy.0 = Debug|Any CPU
		{2B5A3E62-51D5-4990-9FC1-06889D28AF79}.Release|Any CPU.ActiveCfg = Release|Any CPU
		{2B5A3E62-51D5-4990-9FC1-06889D28AF79}.Release|Any CPU.Build.0 = Release|Any CPU
		{2B5A3E62-51D5-4990-9FC1-06889D28AF79}.Release|Any CPU.Deploy.0 = Release|Any CPU
		{69592D83-9209-46C5-8E31-0BC83DEF7102}.Debug|Any CPU.ActiveCfg = Debug|Any CPU
		{69592D83-9209-46C5-8E31-0BC83DEF7102}.Debug|Any CPU.Build.0 = Debug|Any CPU
		{69592D83-9209-46C5-8E31-0BC83DEF7102}.Release|Any CPU.ActiveCfg = Release|Any CPU
		{69592D83-9209-46C5-8E31-0BC83DEF7102}.Release|Any CPU.Build.0 = Release|Any CPU
	EndGlobalSection
	GlobalSection(SolutionProperties) = preSolution
		HideSolutionNode = FALSE
	EndGlobalSection
EndGlobal
