Microsoft Visual Studio Solution File, Format Version 12.00
# Visual Studio Version 16
VisualStudioVersion = 16.0.28922.388
MinimumVisualStudioVersion = 10.0.40219.1
Project("{FAE04EC0-301F-11D3-BF4B-00C04F79EFBC}") = "Office-Add-in-Microsoft-Graph-ASPNETWeb", "Office-Add-in-Microsoft-Graph-ASPNETWeb\Office-Add-in-Microsoft-Graph-ASPNETWeb.csproj", "{7552FB61-6432-448D-8888-5D1F815C6D26}"
EndProject
Project("{FAE04EC0-301F-11D3-BF4B-00C04F79EFBC}") = "Office-Add-in-Microsoft-Graph-ASPNET", "Office-Add-in-Microsoft-Graph-ASPNET\Office-Add-in-Microsoft-Graph-ASPNET.csproj", "{102BED3C-5545-495F-883C-CEE0FC3DD391}"
EndProject
Global
	GlobalSection(SolutionConfigurationPlatforms) = preSolution
		Debug|Any CPU = Debug|Any CPU
		Release|Any CPU = Release|Any CPU
	EndGlobalSection
	GlobalSection(ProjectConfigurationPlatforms) = postSolution
		{7552FB61-6432-448D-8888-5D1F815C6D26}.Debug|Any CPU.ActiveCfg = Debug|Any CPU
		{7552FB61-6432-448D-8888-5D1F815C6D26}.Debug|Any CPU.Build.0 = Debug|Any CPU
		{7552FB61-6432-448D-8888-5D1F815C6D26}.Release|Any CPU.ActiveCfg = Release|Any CPU
		{7552FB61-6432-448D-8888-5D1F815C6D26}.Release|Any CPU.Build.0 = Release|Any CPU
		{102BED3C-5545-495F-883C-CEE0FC3DD391}.Debug|Any CPU.ActiveCfg = Debug|Any CPU
		{102BED3C-5545-495F-883C-CEE0FC3DD391}.Debug|Any CPU.Build.0 = Debug|Any CPU
		{102BED3C-5545-495F-883C-CEE0FC3DD391}.Debug|Any CPU.Deploy.0 = Debug|Any CPU
		{102BED3C-5545-495F-883C-CEE0FC3DD391}.Release|Any CPU.ActiveCfg = Release|Any CPU
		{102BED3C-5545-495F-883C-CEE0FC3DD391}.Release|Any CPU.Build.0 = Release|Any CPU
		{102BED3C-5545-495F-883C-CEE0FC3DD391}.Release|Any CPU.Deploy.0 = Release|Any CPU
	EndGlobalSection
	GlobalSection(SolutionProperties) = preSolution
		HideSolutionNode = FALSE
	EndGlobalSection
	GlobalSection(ExtensibilityGlobals) = postSolution
		SolutionGuid = {E14834FF-5010-4E4B-B7E1-7FCA9955F307}
	EndGlobalSection
EndGlobal
