
Microsoft Visual Studio Solution File, Format Version 12.00
# Visual Studio Version 17
VisualStudioVersion = 17.4.33205.214
MinimumVisualStudioVersion = 10.0.40219.1
Project("{FAE04EC0-301F-11D3-BF4B-00C04F79EFBC}") = "FunctionCreateSpreadsheet", "FunctionCreateSpreadsheet\FunctionCreateSpreadsheet.csproj", "{AA49CA60-E473-4F1E-A233-C1E1087C7E39}"
EndProject
Global
	GlobalSection(SolutionConfigurationPlatforms) = preSolution
		Debug|Any CPU = Debug|Any CPU
		Release|Any CPU = Release|Any CPU
	EndGlobalSection
	GlobalSection(ProjectConfigurationPlatforms) = postSolution
		{AA49CA60-E473-4F1E-A233-C1E1087C7E39}.Debug|Any CPU.ActiveCfg = Debug|Any CPU
		{AA49CA60-E473-4F1E-A233-C1E1087C7E39}.Debug|Any CPU.Build.0 = Debug|Any CPU
		{AA49CA60-E473-4F1E-A233-C1E1087C7E39}.Release|Any CPU.ActiveCfg = Release|Any CPU
		{AA49CA60-E473-4F1E-A233-C1E1087C7E39}.Release|Any CPU.Build.0 = Release|Any CPU
	EndGlobalSection
	GlobalSection(SolutionProperties) = preSolution
		HideSolutionNode = FALSE
	EndGlobalSection
	GlobalSection(ExtensibilityGlobals) = postSolution
		SolutionGuid = {69C20BA1-BAB7-429D-9B1D-55F377ECD2A2}
	EndGlobalSection
EndGlobal
