{
  "name": "blazor.excel.addin",
  "version": "1.0.0",
  "lockfileVersion": 3,
  "requires": true,
  "packages": {
    "": {
      "name": "blazor.excel.addin",
      "version": "1.0.0",
      "license": "MIT",
      "devDependencies": {
        "@types/office-js-preview": "^1.0.588"
      }
    },
    "node_modules/@types/office-js-preview": {
      "version": "1.0.663",
      "resolved": "https://registry.npmjs.org/@types/office-js-preview/-/office-js-preview-1.0.663.tgz",
      "integrity": "sha512-9UlLg4Ca7+kiR6/wyE7un/GqjMRpw95JuxL+pNTzFB9X/ZNkcM+lvMMKUJfQ+utpOXQAavh2Z77SdMSGWQRB/Q==",
      "dev": true,
      "license": "MIT"
    }
  }
}
