
Microsoft Visual Studio Solution File, Format Version 12.00
# Visual Studio Version 17
VisualStudioVersion = 17.3.32929.385
MinimumVisualStudioVersion = 10.0.40219.1
Project("{FAE04EC0-301F-11D3-BF4B-00C04F79EFBC}") = "Office-Add-in-ASPNET-SSO-manifest", "Office-Add-in-ASPNET-SSO\Office-Add-in-ASPNET-SSO-manifest.csproj", "{E67B9448-E0DB-4A4B-B5F6-2DA56F94BCDC}"
EndProject
Project("{9A19103F-16F7-4668-BE54-9A1E7A4F7556}") = "Office-Add-in-ASPNETCore-WebAPI", "Office-Add-in-ASPNETCore-WebAPI\Office-Add-in-ASPNETCore-WebAPI.csproj", "{D7C6525F-208C-4010-9F46-EB9E6E66A268}"
EndProject
Global
	GlobalSection(SolutionConfigurationPlatforms) = preSolution
		Debug|Any CPU = Debug|Any CPU
		Debug|x64 = Debug|x64
		Release|Any CPU = Release|Any CPU
		Release|x64 = Release|x64
	EndGlobalSection
	GlobalSection(ProjectConfigurationPlatforms) = postSolution
		{E67B9448-E0DB-4A4B-B5F6-2DA56F94BCDC}.Debug|Any CPU.ActiveCfg = Debug|Any CPU
		{E67B9448-E0DB-4A4B-B5F6-2DA56F94BCDC}.Debug|Any CPU.Build.0 = Debug|Any CPU
		{E67B9448-E0DB-4A4B-B5F6-2DA56F94BCDC}.Debug|Any CPU.Deploy.0 = Debug|Any CPU
		{E67B9448-E0DB-4A4B-B5F6-2DA56F94BCDC}.Debug|x64.ActiveCfg = Debug|x64
		{E67B9448-E0DB-4A4B-B5F6-2DA56F94BCDC}.Debug|x64.Build.0 = Debug|x64
		{E67B9448-E0DB-4A4B-B5F6-2DA56F94BCDC}.Debug|x64.Deploy.0 = Debug|x64
		{E67B9448-E0DB-4A4B-B5F6-2DA56F94BCDC}.Release|Any CPU.ActiveCfg = Release|Any CPU
		{E67B9448-E0DB-4A4B-B5F6-2DA56F94BCDC}.Release|Any CPU.Build.0 = Release|Any CPU
		{E67B9448-E0DB-4A4B-B5F6-2DA56F94BCDC}.Release|Any CPU.Deploy.0 = Release|Any CPU
		{E67B9448-E0DB-4A4B-B5F6-2DA56F94BCDC}.Release|x64.ActiveCfg = Release|x64
		{E67B9448-E0DB-4A4B-B5F6-2DA56F94BCDC}.Release|x64.Build.0 = Release|x64
		{E67B9448-E0DB-4A4B-B5F6-2DA56F94BCDC}.Release|x64.Deploy.0 = Release|x64
		{D7C6525F-208C-4010-9F46-EB9E6E66A268}.Debug|Any CPU.ActiveCfg = Debug|Any CPU
		{D7C6525F-208C-4010-9F46-EB9E6E66A268}.Debug|Any CPU.Build.0 = Debug|Any CPU
		{D7C6525F-208C-4010-9F46-EB9E6E66A268}.Debug|x64.ActiveCfg = Debug|Any CPU
		{D7C6525F-208C-4010-9F46-EB9E6E66A268}.Debug|x64.Build.0 = Debug|Any CPU
		{D7C6525F-208C-4010-9F46-EB9E6E66A268}.Release|Any CPU.ActiveCfg = Release|Any CPU
		{D7C6525F-208C-4010-9F46-EB9E6E66A268}.Release|Any CPU.Build.0 = Release|Any CPU
		{D7C6525F-208C-4010-9F46-EB9E6E66A268}.Release|x64.ActiveCfg = Release|Any CPU
		{D7C6525F-208C-4010-9F46-EB9E6E66A268}.Release|x64.Build.0 = Release|Any CPU
	EndGlobalSection
	GlobalSection(SolutionProperties) = preSolution
		HideSolutionNode = FALSE
	EndGlobalSection
	GlobalSection(ExtensibilityGlobals) = postSolution
		SolutionGuid = {C806A8C8-1F3A-4149-8406-11C905C322F2}
	EndGlobalSection
EndGlobal
