{
  "name": "blazor.powerpoint.addin",
  "version": "1.0.0",
  "lockfileVersion": 3,
  "requires": true,
  "packages": {
    "": {
      "name": "blazor.powerpoint.addin",
      "version": "1.0.0",
      "license": "MIT",
      "devDependencies": {
        "@types/office-js-preview": "^1.0.717"
      }
    },
    "node_modules/@types/office-js-preview": {
      "version": "1.0.717",
      "resolved": "https://registry.npmjs.org/@types/office-js-preview/-/office-js-preview-1.0.717.tgz",
      "integrity": "sha512-9zFh3eCqOPw+VS1j+M+/93Jjqz/mfjvyUYVEXRHokga4zbp/vxUxoTFko38b6ZQzsO5dQ+pxPrmo025FraINRg==",
      "dev": true,
      "license": "MIT"
    }
  }
}
