{
  "name": "blazor.powerpoint.addin",
  "version": "1.0.0",
  "lockfileVersion": 3,
  "requires": true,
  "packages": {
    "": {
      "name": "blazor.powerpoint.addin",
      "version": "1.0.0",
      "license": "MIT",
      "devDependencies": {
        "@types/office-js-preview": "^1.0.708"
      }
    },
    "node_modules/@types/office-js-preview": {
      "version": "1.0.708",
      "resolved": "https://registry.npmjs.org/@types/office-js-preview/-/office-js-preview-1.0.708.tgz",
      "integrity": "sha512-sLAKJ+ECAK+y6Kx8Ta2bOxJq7yD5yY76KDOH1zyauTAH+6oHuCqadvhAvTco0ID2QZcaThbtfTm9ygVUvfGkkQ==",
      "dev": true,
      "license": "MIT"
    }
  }
}
