
Microsoft Visual Studio Solution File, Format Version 12.00
# Visual Studio 15
VisualStudioVersion = 15.0.27130.2036
MinimumVisualStudioVersion = 10.0.40219.1
Project("{8BC9CEB8-8B4A-11D0-8D11-00A0C91BC942}") = "DDPIActiveX", "DDPIActiveX\DDPIActiveX.vcxproj", "{9E73D905-3F95-4D8C-8FC0-3B435F0DAF1F}"
EndProject
Global
	GlobalSection(SolutionConfigurationPlatforms) = preSolution
		Debug|x64 = Debug|x64
		Debug|x86 = Debug|x86
		Release|x64 = Release|x64
		Release|x86 = Release|x86
	EndGlobalSection
	GlobalSection(ProjectConfigurationPlatforms) = postSolution
		{9E73D905-3F95-4D8C-8FC0-3B435F0DAF1F}.Debug|x64.ActiveCfg = Debug|x64
		{9E73D905-3F95-4D8C-8FC0-3B435F0DAF1F}.Debug|x64.Build.0 = Debug|x64
		{9E73D905-3F95-4D8C-8FC0-3B435F0DAF1F}.Debug|x86.ActiveCfg = Debug|Win32
		{9E73D905-3F95-4D8C-8FC0-3B435F0DAF1F}.Debug|x86.Build.0 = Debug|Win32
		{9E73D905-3F95-4D8C-8FC0-3B435F0DAF1F}.Release|x64.ActiveCfg = Release|x64
		{9E73D905-3F95-4D8C-8FC0-3B435F0DAF1F}.Release|x64.Build.0 = Release|x64
		{9E73D905-3F95-4D8C-8FC0-3B435F0DAF1F}.Release|x86.ActiveCfg = Release|Win32
		{9E73D905-3F95-4D8C-8FC0-3B435F0DAF1F}.Release|x86.Build.0 = Release|Win32
	EndGlobalSection
	GlobalSection(SolutionProperties) = preSolution
		HideSolutionNode = FALSE
	EndGlobalSection
	GlobalSection(ExtensibilityGlobals) = postSolution
		SolutionGuid = {89476F4D-A785-4921-A5D3-FD770530F97F}
	EndGlobalSection
EndGlobal
