
Microsoft Visual Studio Solution File, Format Version 12.00
# Visual Studio Version 16
VisualStudioVersion = 16.0.31424.327
MinimumVisualStudioVersion = 10.0.40219.1
Project("{FAE04EC0-301F-11D3-BF4B-00C04F79EFBC}") = "core-open-in-teams", "core-open-in-teams\core-open-in-teams.csproj", "{C3BCAD2A-D29A-4860-9F3B-B1A3033F0E83}"
EndProject
Global
	GlobalSection(SolutionConfigurationPlatforms) = preSolution
		Debug|Any CPU = Debug|Any CPU
		Release|Any CPU = Release|Any CPU
	EndGlobalSection
	GlobalSection(ProjectConfigurationPlatforms) = postSolution
		{C3BCAD2A-D29A-4860-9F3B-B1A3033F0E83}.Debug|Any CPU.ActiveCfg = Debug|Any CPU
		{C3BCAD2A-D29A-4860-9F3B-B1A3033F0E83}.Debug|Any CPU.Build.0 = Debug|Any CPU
		{C3BCAD2A-D29A-4860-9F3B-B1A3033F0E83}.Release|Any CPU.ActiveCfg = Release|Any CPU
		{C3BCAD2A-D29A-4860-9F3B-B1A3033F0E83}.Release|Any CPU.Build.0 = Release|Any CPU
	EndGlobalSection
	GlobalSection(SolutionProperties) = preSolution
		HideSolutionNode = FALSE
	EndGlobalSection
	GlobalSection(ExtensibilityGlobals) = postSolution
		SolutionGuid = {77E8BE3F-01AB-4EDF-A9E0-1E481A8A5BBA}
	EndGlobalSection
EndGlobal
