
Microsoft Visual Studio Solution File, Format Version 12.00
# Visual Studio 15
VisualStudioVersion = 15.0.27130.2036
MinimumVisualStudioVersion = 10.0.40219.1
Project("{FAE04EC0-301F-11D3-BF4B-00C04F79EFBC}") = "ExcelAddin1", "ExcelAddin1.csproj", "{635BA193-7B24-4226-A997-C85FD6C81378}"
EndProject
Global
	GlobalSection(SolutionConfigurationPlatforms) = preSolution
		Debug|Any CPU = Debug|Any CPU
		Release|Any CPU = Release|Any CPU
	EndGlobalSection
	GlobalSection(ProjectConfigurationPlatforms) = postSolution
		{635BA193-7B24-4226-A997-C85FD6C81378}.Debug|Any CPU.ActiveCfg = Debug|Any CPU
		{635BA193-7B24-4226-A997-C85FD6C81378}.Debug|Any CPU.Build.0 = Debug|Any CPU
		{635BA193-7B24-4226-A997-C85FD6C81378}.Release|Any CPU.ActiveCfg = Release|Any CPU
		{635BA193-7B24-4226-A997-C85FD6C81378}.Release|Any CPU.Build.0 = Release|Any CPU
	EndGlobalSection
	GlobalSection(SolutionProperties) = preSolution
		HideSolutionNode = FALSE
	EndGlobalSection
	GlobalSection(ExtensibilityGlobals) = postSolution
		SolutionGuid = {9E78170D-0E7B-4FAF-B17B-BB8C3B106183}
	EndGlobalSection
EndGlobal
