
Microsoft Visual Studio Solution File, Format Version 12.00
# Visual Studio 15
VisualStudioVersion = 15.0.27130.2036
MinimumVisualStudioVersion = 10.0.40219.1
Project("{FAE04EC0-301F-11D3-BF4B-00C04F79EFBC}") = "VisioAddIn1", "VisioAddIn1\VisioAddIn1.csproj", "{2307DA8F-6A1A-488C-A3F1-E29374094E89}"
EndProject
Global
	GlobalSection(SolutionConfigurationPlatforms) = preSolution
		Debug|Any CPU = Debug|Any CPU
		Release|Any CPU = Release|Any CPU
	EndGlobalSection
	GlobalSection(ProjectConfigurationPlatforms) = postSolution
		{2307DA8F-6A1A-488C-A3F1-E29374094E89}.Debug|Any CPU.ActiveCfg = Debug|Any CPU
		{2307DA8F-6A1A-488C-A3F1-E29374094E89}.Debug|Any CPU.Build.0 = Debug|Any CPU
		{2307DA8F-6A1A-488C-A3F1-E29374094E89}.Release|Any CPU.ActiveCfg = Release|Any CPU
		{2307DA8F-6A1A-488C-A3F1-E29374094E89}.Release|Any CPU.Build.0 = Release|Any CPU
	EndGlobalSection
	GlobalSection(SolutionProperties) = preSolution
		HideSolutionNode = FALSE
	EndGlobalSection
	GlobalSection(ExtensibilityGlobals) = postSolution
		SolutionGuid = {181B9FA0-00D4-4DDF-8A7E-E2090DECDAC9}
	EndGlobalSection
EndGlobal
