
Microsoft Visual Studio Solution File, Format Version 12.00
# Visual Studio 15
VisualStudioVersion = 15.0.27130.2036
MinimumVisualStudioVersion = 10.0.40219.1
Project("{FAE04EC0-301F-11D3-BF4B-00C04F79EFBC}") = "PowerPointAddIn1", "PowerPointAddIn1\PowerPointAddIn1.csproj", "{933C4600-BB60-493B-8DAC-BA2B06636DFF}"
EndProject
Global
	GlobalSection(SolutionConfigurationPlatforms) = preSolution
		Debug|Any CPU = Debug|Any CPU
		Release|Any CPU = Release|Any CPU
	EndGlobalSection
	GlobalSection(ProjectConfigurationPlatforms) = postSolution
		{933C4600-BB60-493B-8DAC-BA2B06636DFF}.Debug|Any CPU.ActiveCfg = Debug|Any CPU
		{933C4600-BB60-493B-8DAC-BA2B06636DFF}.Debug|Any CPU.Build.0 = Debug|Any CPU
		{933C4600-BB60-493B-8DAC-BA2B06636DFF}.Release|Any CPU.ActiveCfg = Release|Any CPU
		{933C4600-BB60-493B-8DAC-BA2B06636DFF}.Release|Any CPU.Build.0 = Release|Any CPU
	EndGlobalSection
	GlobalSection(SolutionProperties) = preSolution
		HideSolutionNode = FALSE
	EndGlobalSection
	GlobalSection(ExtensibilityGlobals) = postSolution
		SolutionGuid = {0FCC420F-8146-4A23-9F4B-1C406CDA5B72}
	EndGlobalSection
EndGlobal
