{
  "name": "blazor.word.addin",
  "version": "1.0.0",
  "lockfileVersion": 3,
  "requires": true,
  "packages": {
    "": {
      "name": "blazor.word.addin",
      "version": "1.0.0",
      "license": "MIT",
      "devDependencies": {
        "@types/office-js-preview": "^1.0.693"
      }
    },
    "node_modules/@types/office-js-preview": {
      "version": "1.0.707",
      "resolved": "https://registry.npmjs.org/@types/office-js-preview/-/office-js-preview-1.0.707.tgz",
      "integrity": "sha512-hdUQXOPbNKSht+qsExv1ASk9kSMReOEySlwwZWE2lYVvum2K3n1dBZIYbk0u4j2yMVAHdiRNNUHbWzW9SK9cSw==",
      "dev": true,
      "license": "MIT"
    }
  }
}
