
Microsoft Visual Studio Solution File, Format Version 12.00
# Visual Studio 2012
Project("{FAE04EC0-301F-11D3-BF4B-00C04F79EFBC}") = "LoadingAndWritingOOXML", "LoadingAndWritingOOXML\LoadingAndWritingOOXML.csproj", "{E8882AB9-7539-4175-AE22-E7D2E21216E4}"
EndProject
Project("{FAE04EC0-301F-11D3-BF4B-00C04F79EFBC}") = "LoadingAndWritingOOXMLWeb", "LoadingAndWritingOOXMLWeb\LoadingAndWritingOOXMLWeb.csproj", "{2A9E61CC-541D-4FE9-AF11-853B80B9EF20}"
EndProject
Global
	GlobalSection(SolutionConfigurationPlatforms) = preSolution
		Debug|Any CPU = Debug|Any CPU
		Release|Any CPU = Release|Any CPU
	EndGlobalSection
	GlobalSection(ProjectConfigurationPlatforms) = postSolution
		{E8882AB9-7539-4175-AE22-E7D2E21216E4}.Debug|Any CPU.ActiveCfg = Debug|Any CPU
		{E8882AB9-7539-4175-AE22-E7D2E21216E4}.Debug|Any CPU.Build.0 = Debug|Any CPU
		{E8882AB9-7539-4175-AE22-E7D2E21216E4}.Debug|Any CPU.Deploy.0 = Debug|Any CPU
		{E8882AB9-7539-4175-AE22-E7D2E21216E4}.Release|Any CPU.ActiveCfg = Release|Any CPU
		{E8882AB9-7539-4175-AE22-E7D2E21216E4}.Release|Any CPU.Build.0 = Release|Any CPU
		{E8882AB9-7539-4175-AE22-E7D2E21216E4}.Release|Any CPU.Deploy.0 = Release|Any CPU
		{2A9E61CC-541D-4FE9-AF11-853B80B9EF20}.Debug|Any CPU.ActiveCfg = Debug|Any CPU
		{2A9E61CC-541D-4FE9-AF11-853B80B9EF20}.Debug|Any CPU.Build.0 = Debug|Any CPU
		{2A9E61CC-541D-4FE9-AF11-853B80B9EF20}.Release|Any CPU.ActiveCfg = Release|Any CPU
		{2A9E61CC-541D-4FE9-AF11-853B80B9EF20}.Release|Any CPU.Build.0 = Release|Any CPU
	EndGlobalSection
	GlobalSection(SolutionProperties) = preSolution
		HideSolutionNode = FALSE
	EndGlobalSection
EndGlobal
