
Microsoft Visual Studio Solution File, Format Version 12.00
# Visual Studio Version 16
VisualStudioVersion = 16.0.31205.134
MinimumVisualStudioVersion = 10.0.40219.1
Project("{FAE04EC0-301F-11D3-BF4B-00C04F79EFBC}") = "AttachmentDemo", "AttachmentDemo\AttachmentDemo.csproj", "{BC37C1BF-7633-4C40-A284-54F62070FB75}"
EndProject
Project("{FAE04EC0-301F-11D3-BF4B-00C04F79EFBC}") = "AttachmentDemoWeb", "AttachmentDemoWeb\AttachmentDemoWeb.csproj", "{3197E700-1F6F-41A9-BF6B-1DC4DB464E51}"
EndProject
Global
	GlobalSection(SolutionConfigurationPlatforms) = preSolution
		Debug|Any CPU = Debug|Any CPU
		Release|Any CPU = Release|Any CPU
	EndGlobalSection
	GlobalSection(ProjectConfigurationPlatforms) = postSolution
		{BC37C1BF-7633-4C40-A284-54F62070FB75}.Debug|Any CPU.ActiveCfg = Debug|Any CPU
		{BC37C1BF-7633-4C40-A284-54F62070FB75}.Debug|Any CPU.Build.0 = Debug|Any CPU
		{BC37C1BF-7633-4C40-A284-54F62070FB75}.Debug|Any CPU.Deploy.0 = Debug|Any CPU
		{BC37C1BF-7633-4C40-A284-54F62070FB75}.Release|Any CPU.ActiveCfg = Release|Any CPU
		{BC37C1BF-7633-4C40-A284-54F62070FB75}.Release|Any CPU.Build.0 = Release|Any CPU
		{BC37C1BF-7633-4C40-A284-54F62070FB75}.Release|Any CPU.Deploy.0 = Release|Any CPU
		{3197E700-1F6F-41A9-BF6B-1DC4DB464E51}.Debug|Any CPU.ActiveCfg = Debug|Any CPU
		{3197E700-1F6F-41A9-BF6B-1DC4DB464E51}.Debug|Any CPU.Build.0 = Debug|Any CPU
		{3197E700-1F6F-41A9-BF6B-1DC4DB464E51}.Release|Any CPU.ActiveCfg = Release|Any CPU
		{3197E700-1F6F-41A9-BF6B-1DC4DB464E51}.Release|Any CPU.Build.0 = Release|Any CPU
	EndGlobalSection
	GlobalSection(SolutionProperties) = preSolution
		HideSolutionNode = FALSE
	EndGlobalSection
	GlobalSection(ExtensibilityGlobals) = postSolution
		SolutionGuid = {97107433-E2FB-46E8-B51E-AAE1D3EC7BDC}
	EndGlobalSection
EndGlobal
