
Microsoft Visual Studio Solution File, Format Version 12.00
# Visual Studio Version 18
VisualStudioVersion = 18.0.11123.170
MinimumVisualStudioVersion = 10.0.40219.1
Project("{FAE04EC0-301F-11D3-BF4B-00C04F79EFBC}") = "Blazor.Word.AddIn", "Blazor.Word.AddIn\Blazor.Word.AddIn.csproj", "{0B7325D0-6932-4BB3-AB6B-D4251AB0E82E}"
EndProject
Project("{FAE04EC0-301F-11D3-BF4B-00C04F79EFBC}") = "Blazor.Word.AddIn.Client", "Blazor.Word.AddIn.Client\Blazor.Word.AddIn.Client.csproj", "{D80C37F7-37D7-4011-ABC3-0086BB9678ED}"
EndProject
Project("{2150E333-8FDC-42A3-9474-1A3956D46DE8}") = "Solution Items", "Solution Items", "{8EC462FD-D22E-90A8-E5CE-7E832BA40C5D}"
	ProjectSection(SolutionItems) = preProject
		.gitignore = .gitignore
		global.json = global.json
		README.md = README.md
		assets\sample.json = assets\sample.json
	EndProjectSection
EndProject
Global
	GlobalSection(SolutionConfigurationPlatforms) = preSolution
		Debug|Any CPU = Debug|Any CPU
		Release|Any CPU = Release|Any CPU
	EndGlobalSection
	GlobalSection(ProjectConfigurationPlatforms) = postSolution
		{0B7325D0-6932-4BB3-AB6B-D4251AB0E82E}.Debug|Any CPU.ActiveCfg = Debug|Any CPU
		{0B7325D0-6932-4BB3-AB6B-D4251AB0E82E}.Debug|Any CPU.Build.0 = Debug|Any CPU
		{0B7325D0-6932-4BB3-AB6B-D4251AB0E82E}.Release|Any CPU.ActiveCfg = Release|Any CPU
		{0B7325D0-6932-4BB3-AB6B-D4251AB0E82E}.Release|Any CPU.Build.0 = Release|Any CPU
		{D80C37F7-37D7-4011-ABC3-0086BB9678ED}.Debug|Any CPU.ActiveCfg = Debug|Any CPU
		{D80C37F7-37D7-4011-ABC3-0086BB9678ED}.Debug|Any CPU.Build.0 = Debug|Any CPU
		{D80C37F7-37D7-4011-ABC3-0086BB9678ED}.Release|Any CPU.ActiveCfg = Release|Any CPU
		{D80C37F7-37D7-4011-ABC3-0086BB9678ED}.Release|Any CPU.Build.0 = Release|Any CPU
	EndGlobalSection
	GlobalSection(SolutionProperties) = preSolution
		HideSolutionNode = FALSE
	EndGlobalSection
	GlobalSection(ExtensibilityGlobals) = postSolution
		SolutionGuid = {264E724E-98C8-43F5-B951-E49EC1120E73}
	EndGlobalSection
EndGlobal
